// !$*UTF8*$!
{
	archiveVersion = 1;
	classes = {
	};
	objectVersion = 46;
	objects = {

/* Begin PBXBuildFile section */
		4B5284162C3FCF41813EFE74 /* Pods_medication_reminder.framework in Frameworks */ = {isa = PBXBuildFile; fileRef = D99A76BCD6251483082C59DD /* Pods_medication_reminder.framework */; };
		5B485DE01E7C753D0013B925 /* AppDelegate.swift in Sources */ = {isa = PBXBuildFile; fileRef = 5B485DDF1E7C753D0013B925 /* AppDelegate.swift */; };
		5B485DE71E7C753D0013B925 /* Assets.xcassets in Resources */ = {isa = PBXBuildFile; fileRef = 5B485DE61E7C753D0013B925 /* Assets.xcassets */; };
		5B485DEA1E7C753D0013B925 /* LaunchScreen.storyboard in Resources */ = {isa = PBXBuildFile; fileRef = 5B485DE81E7C753D0013B925 /* LaunchScreen.storyboard */; };
		D30EC34B1EA4DD46001B1421 /* CompletedViewController.swift in Sources */ = {isa = PBXBuildFile; fileRef = D30EC34A1EA4DD46001B1421 /* CompletedViewController.swift */; };
		D3177DC91E9F61A300531EEE /* test.json in Resources */ = {isa = PBXBuildFile; fileRef = D3177DC81E9F61A300531EEE /* test.json */; };
		D3177DD71EA1582500531EEE /* calCell.swift in Sources */ = {isa = PBXBuildFile; fileRef = D3177DD61EA1582500531EEE /* calCell.swift */; };
		D3177DFE1EA1FB7A00531EEE /* Calendar.storyboard in Resources */ = {isa = PBXBuildFile; fileRef = D3177DFB1EA1FB7A00531EEE /* Calendar.storyboard */; };
		D3177E011EA1FC5400531EEE /* CalendarViewController.swift in Sources */ = {isa = PBXBuildFile; fileRef = D3177E001EA1FC5400531EEE /* CalendarViewController.swift */; };
		D3177E061EA1FF2500531EEE /* extension.swift in Sources */ = {isa = PBXBuildFile; fileRef = D3177E051EA1FF2500531EEE /* extension.swift */; };
		D3177E081EA4159B00531EEE /* MissedViewController.swift in Sources */ = {isa = PBXBuildFile; fileRef = D3177E071EA4159B00531EEE /* MissedViewController.swift */; };
		D3177E0A1EA41A2E00531EEE /* GlobalModel.swift in Sources */ = {isa = PBXBuildFile; fileRef = D3177E091EA41A2E00531EEE /* GlobalModel.swift */; };
		D3177E0C1EA429F000531EEE /* DateMedController.swift in Sources */ = {isa = PBXBuildFile; fileRef = D3177E0B1EA429F000531EEE /* DateMedController.swift */; };
		D3F84EAF1EA651B600A5FE14 /* MainController.swift in Sources */ = {isa = PBXBuildFile; fileRef = D3F84EAD1EA651B600A5FE14 /* MainController.swift */; };
		D3F84EB01EA651B600A5FE14 /* TabBarController.swift in Sources */ = {isa = PBXBuildFile; fileRef = D3F84EAE1EA651B600A5FE14 /* TabBarController.swift */; };
/* End PBXBuildFile section */

/* Begin PBXFileReference section */
		5B485DDC1E7C753D0013B925 /* medication-reminder.app */ = {isa = PBXFileReference; explicitFileType = wrapper.application; includeInIndex = 0; path = "medication-reminder.app"; sourceTree = BUILT_PRODUCTS_DIR; };
		5B485DDF1E7C753D0013B925 /* AppDelegate.swift */ = {isa = PBXFileReference; lastKnownFileType = sourcecode.swift; path = AppDelegate.swift; sourceTree = "<group>"; };
		5B485DE61E7C753D0013B925 /* Assets.xcassets */ = {isa = PBXFileReference; lastKnownFileType = folder.assetcatalog; path = Assets.xcassets; sourceTree = "<group>"; };
		5B485DE91E7C753D0013B925 /* Base */ = {isa = PBXFileReference; lastKnownFileType = file.storyboard; name = Base; path = Base.lproj/LaunchScreen.storyboard; sourceTree = "<group>"; };
		5B485DEB1E7C753D0013B925 /* Info.plist */ = {isa = PBXFileReference; lastKnownFileType = text.plist.xml; path = Info.plist; sourceTree = "<group>"; };
		D30EC34A1EA4DD46001B1421 /* CompletedViewController.swift */ = {isa = PBXFileReference; fileEncoding = 4; lastKnownFileType = sourcecode.swift; path = CompletedViewController.swift; sourceTree = "<group>"; };
		D3177DC81E9F61A300531EEE /* test.json */ = {isa = PBXFileReference; fileEncoding = 4; lastKnownFileType = text.json; path = test.json; sourceTree = "<group>"; };
		D3177DD61EA1582500531EEE /* calCell.swift */ = {isa = PBXFileReference; fileEncoding = 4; lastKnownFileType = sourcecode.swift; path = calCell.swift; sourceTree = "<group>"; };
		D3177DFB1EA1FB7A00531EEE /* Calendar.storyboard */ = {isa = PBXFileReference; fileEncoding = 4; lastKnownFileType = file.storyboard; name = Calendar.storyboard; path = Calendar/Calendar.storyboard; sourceTree = "<group>"; };
		D3177E001EA1FC5400531EEE /* CalendarViewController.swift */ = {isa = PBXFileReference; fileEncoding = 4; lastKnownFileType = sourcecode.swift; path = CalendarViewController.swift; sourceTree = SOURCE_ROOT; };
		D3177E051EA1FF2500531EEE /* extension.swift */ = {isa = PBXFileReference; fileEncoding = 4; lastKnownFileType = sourcecode.swift; path = extension.swift; sourceTree = "<group>"; };
		D3177E071EA4159B00531EEE /* MissedViewController.swift */ = {isa = PBXFileReference; fileEncoding = 4; lastKnownFileType = sourcecode.swift; path = MissedViewController.swift; sourceTree = "<group>"; };
		D3177E091EA41A2E00531EEE /* GlobalModel.swift */ = {isa = PBXFileReference; fileEncoding = 4; lastKnownFileType = sourcecode.swift; path = GlobalModel.swift; sourceTree = "<group>"; };
		D3177E0B1EA429F000531EEE /* DateMedController.swift */ = {isa = PBXFileReference; fileEncoding = 4; lastKnownFileType = sourcecode.swift; name = DateMedController.swift; path = Calendar/DateMedController.swift; sourceTree = "<group>"; };
		D3DE0A261EA65B8D00087775 /* alarm.caf */ = {isa = PBXFileReference; lastKnownFileType = file; path = alarm.caf; sourceTree = "<group>"; };
		D3F84EAD1EA651B600A5FE14 /* MainController.swift */ = {isa = PBXFileReference; fileEncoding = 4; lastKnownFileType = sourcecode.swift; path = MainController.swift; sourceTree = "<group>"; };
		D3F84EAE1EA651B600A5FE14 /* TabBarController.swift */ = {isa = PBXFileReference; fileEncoding = 4; lastKnownFileType = sourcecode.swift; path = TabBarController.swift; sourceTree = "<group>"; };
		D99A76BCD6251483082C59DD /* Pods_medication_reminder.framework */ = {isa = PBXFileReference; explicitFileType = wrapper.framework; includeInIndex = 0; path = Pods_medication_reminder.framework; sourceTree = BUILT_PRODUCTS_DIR; };
		F2C37ACF78442DAD71F24594 /* Pods-medication-reminder.release.xcconfig */ = {isa = PBXFileReference; includeInIndex = 1; lastKnownFileType = text.xcconfig; name = "Pods-medication-reminder.release.xcconfig"; path = "Pods/Target Support Files/Pods-medication-reminder/Pods-medication-reminder.release.xcconfig"; sourceTree = "<group>"; };
		FA4E7FE19B323FB4F24F169D /* Pods-medication-reminder.debug.xcconfig */ = {isa = PBXFileReference; includeInIndex = 1; lastKnownFileType = text.xcconfig; name = "Pods-medication-reminder.debug.xcconfig"; path = "Pods/Target Support Files/Pods-medication-reminder/Pods-medication-reminder.debug.xcconfig"; sourceTree = "<group>"; };
/* End PBXFileReference section */

/* Begin PBXFrameworksBuildPhase section */
		5B485DD91E7C753D0013B925 /* Frameworks */ = {
			isa = PBXFrameworksBuildPhase;
			buildActionMask = 2147483647;
			files = (
				4B5284162C3FCF41813EFE74 /* Pods_medication_reminder.framework in Frameworks */,
			);
			runOnlyForDeploymentPostprocessing = 0;
		};
/* End PBXFrameworksBuildPhase section */

/* Begin PBXGroup section */
		5B485DD31E7C753D0013B925 = {
			isa = PBXGroup;
			children = (
				5B485DDE1E7C753D0013B925 /* medication-reminder */,
				5B485DDD1E7C753D0013B925 /* Products */,
				7117FC42B3B89E6502AA89E9 /* Pods */,
				9B1E824BDB32AE4588DC78B4 /* Frameworks */,
			);
			sourceTree = "<group>";
		};
		5B485DDD1E7C753D0013B925 /* Products */ = {
			isa = PBXGroup;
			children = (
				5B485DDC1E7C753D0013B925 /* medication-reminder.app */,
			);
			name = Products;
			sourceTree = "<group>";
		};
		5B485DDE1E7C753D0013B925 /* medication-reminder */ = {
			isa = PBXGroup;
			children = (
				D3F84EAD1EA651B600A5FE14 /* MainController.swift */,
				D3F84EAE1EA651B600A5FE14 /* TabBarController.swift */,
				D30EC34A1EA4DD46001B1421 /* CompletedViewController.swift */,
				D3177E071EA4159B00531EEE /* MissedViewController.swift */,
				D3177E021EA1FC8800531EEE /* Calendar */,
				D3177E041EA1FCB300531EEE /* etc */,
			);
			path = "medication-reminder";
			sourceTree = "<group>";
		};
		7117FC42B3B89E6502AA89E9 /* Pods */ = {
			isa = PBXGroup;
			children = (
				FA4E7FE19B323FB4F24F169D /* Pods-medication-reminder.debug.xcconfig */,
				F2C37ACF78442DAD71F24594 /* Pods-medication-reminder.release.xcconfig */,
			);
			name = Pods;
			sourceTree = "<group>";
		};
		9B1E824BDB32AE4588DC78B4 /* Frameworks */ = {
			isa = PBXGroup;
			children = (
				D99A76BCD6251483082C59DD /* Pods_medication_reminder.framework */,
			);
			name = Frameworks;
			sourceTree = "<group>";
		};
		D3177E021EA1FC8800531EEE /* Calendar */ = {
			isa = PBXGroup;
			children = (
				D3177DFB1EA1FB7A00531EEE /* Calendar.storyboard */,
				D3177E001EA1FC5400531EEE /* CalendarViewController.swift */,
				D3177E0B1EA429F000531EEE /* DateMedController.swift */,
				D3177DD61EA1582500531EEE /* calCell.swift */,
			);
			name = Calendar;
			sourceTree = "<group>";
		};
		D3177E031EA1FC9900531EEE /* testData */ = {
			isa = PBXGroup;
			children = (
				D3177DC81E9F61A300531EEE /* test.json */,
			);
			name = testData;
			sourceTree = "<group>";
		};
		D3177E041EA1FCB300531EEE /* etc */ = {
			isa = PBXGroup;
			children = (
				D3177E051EA1FF2500531EEE /* extension.swift */,
				D3DE0A261EA65B8D00087775 /* alarm.caf */,
				D3177E091EA41A2E00531EEE /* GlobalModel.swift */,
				5B485DDF1E7C753D0013B925 /* AppDelegate.swift */,
				5B485DE61E7C753D0013B925 /* Assets.xcassets */,
				5B485DE81E7C753D0013B925 /* LaunchScreen.storyboard */,
				5B485DEB1E7C753D0013B925 /* Info.plist */,
				D3177E031EA1FC9900531EEE /* testData */,
			);
			name = etc;
			sourceTree = "<group>";
		};
/* End PBXGroup section */

/* Begin PBXNativeTarget section */
		5B485DDB1E7C753D0013B925 /* medication-reminder */ = {
			isa = PBXNativeTarget;
			buildConfigurationList = 5B485DEE1E7C753D0013B925 /* Build configuration list for PBXNativeTarget "medication-reminder" */;
			buildPhases = (
				B2DCAFC1A5F4FA59E33BEAEE /* [CP] Check Pods Manifest.lock */,
				5B485DD81E7C753D0013B925 /* Sources */,
				5B485DD91E7C753D0013B925 /* Frameworks */,
				5B485DDA1E7C753D0013B925 /* Resources */,
				B47BAE084B5919EAB6A52C64 /* [CP] Embed Pods Frameworks */,
				4C887221316245F7D055AE2F /* [CP] Copy Pods Resources */,
			);
			buildRules = (
			);
			dependencies = (
			);
			name = "medication-reminder";
			productName = "medication-reminder";
			productReference = 5B485DDC1E7C753D0013B925 /* medication-reminder.app */;
			productType = "com.apple.product-type.application";
		};
/* End PBXNativeTarget section */

/* Begin PBXProject section */
		5B485DD41E7C753D0013B925 /* Project object */ = {
			isa = PBXProject;
			attributes = {
				LastSwiftUpdateCheck = 0820;
				LastUpgradeCheck = 0820;
				ORGANIZATIONNAME = "Vikas Gandhi";
				TargetAttributes = {
					5B485DDB1E7C753D0013B925 = {
						CreatedOnToolsVersion = 8.2.1;
						DevelopmentTeam = 74R3QW9XZN;
						ProvisioningStyle = Automatic;
					};
				};
			};
			buildConfigurationList = 5B485DD71E7C753D0013B925 /* Build configuration list for PBXProject "medication-reminder" */;
			compatibilityVersion = "Xcode 3.2";
			developmentRegion = English;
			hasScannedForEncodings = 0;
			knownRegions = (
				en,
				Base,
			);
			mainGroup = 5B485DD31E7C753D0013B925;
			productRefGroup = 5B485DDD1E7C753D0013B925 /* Products */;
			projectDirPath = "";
			projectRoot = "";
			targets = (
				5B485DDB1E7C753D0013B925 /* medication-reminder */,
			);
		};
/* End PBXProject section */

/* Begin PBXResourcesBuildPhase section */
		5B485DDA1E7C753D0013B925 /* Resources */ = {
			isa = PBXResourcesBuildPhase;
			buildActionMask = 2147483647;
			files = (
				5B485DEA1E7C753D0013B925 /* LaunchScreen.storyboard in Resources */,
				D3177DC91E9F61A300531EEE /* test.json in Resources */,
				D3177DFE1EA1FB7A00531EEE /* Calendar.storyboard in Resources */,
				5B485DE71E7C753D0013B925 /* Assets.xcassets in Resources */,
			);
			runOnlyForDeploymentPostprocessing = 0;
		};
/* End PBXResourcesBuildPhase section */

/* Begin PBXShellScriptBuildPhase section */
		4C887221316245F7D055AE2F /* [CP] Copy Pods Resources */ = {
			isa = PBXShellScriptBuildPhase;
			buildActionMask = 2147483647;
			files = (
			);
			inputPaths = (
			);
			name = "[CP] Copy Pods Resources";
			outputPaths = (
			);
			runOnlyForDeploymentPostprocessing = 0;
			shellPath = /bin/sh;
			shellScript = "\"${SRCROOT}/Pods/Target Support Files/Pods-medication-reminder/Pods-medication-reminder-resources.sh\"\n";
			showEnvVarsInLog = 0;
		};
		B2DCAFC1A5F4FA59E33BEAEE /* [CP] Check Pods Manifest.lock */ = {
			isa = PBXShellScriptBuildPhase;
			buildActionMask = 2147483647;
			files = (
			);
			inputPaths = (
			);
			name = "[CP] Check Pods Manifest.lock";
			outputPaths = (
			);
			runOnlyForDeploymentPostprocessing = 0;
			shellPath = /bin/sh;
			shellScript = "diff \"${PODS_ROOT}/../Podfile.lock\" \"${PODS_ROOT}/Manifest.lock\" > /dev/null\nif [ $? != 0 ] ; then\n    # print error to STDERR\n    echo \"error: The sandbox is not in sync with the Podfile.lock. Run 'pod install' or update your CocoaPods installation.\" >&2\n    exit 1\nfi\n";
			showEnvVarsInLog = 0;
		};
		B47BAE084B5919EAB6A52C64 /* [CP] Embed Pods Frameworks */ = {
			isa = PBXShellScriptBuildPhase;
			buildActionMask = 2147483647;
			files = (
			);
			inputPaths = (
			);
			name = "[CP] Embed Pods Frameworks";
			outputPaths = (
			);
			runOnlyForDeploymentPostprocessing = 0;
			shellPath = /bin/sh;
			shellScript = "\"${SRCROOT}/Pods/Target Support Files/Pods-medication-reminder/Pods-medication-reminder-frameworks.sh\"\n";
			showEnvVarsInLog = 0;
		};
/* End PBXShellScriptBuildPhase section */

/* Begin PBXSourcesBuildPhase section */
		5B485DD81E7C753D0013B925 /* Sources */ = {
			isa = PBXSourcesBuildPhase;
			buildActionMask = 2147483647;
			files = (
				D3177E081EA4159B00531EEE /* MissedViewController.swift in Sources */,
				D3177E0C1EA429F000531EEE /* DateMedController.swift in Sources */,
				D3177E011EA1FC5400531EEE /* CalendarViewController.swift in Sources */,
				D3F84EB01EA651B600A5FE14 /* TabBarController.swift in Sources */,
				D3177DD71EA1582500531EEE /* calCell.swift in Sources */,
				D3F84EAF1EA651B600A5FE14 /* MainController.swift in Sources */,
				D3177E061EA1FF2500531EEE /* extension.swift in Sources */,
				D3177E0A1EA41A2E00531EEE /* GlobalModel.swift in Sources */,
				D30EC34B1EA4DD46001B1421 /* CompletedViewController.swift in Sources */,
				5B485DE01E7C753D0013B925 /* AppDelegate.swift in Sources */,
			);
			runOnlyForDeploymentPostprocessing = 0;
		};
/* End PBXSourcesBuildPhase section */

/* Begin PBXVariantGroup section */
		5B485DE81E7C753D0013B925 /* LaunchScreen.storyboard */ = {
			isa = PBXVariantGroup;
			children = (
				5B485DE91E7C753D0013B925 /* Base */,
			);
			name = LaunchScreen.storyboard;
			sourceTree = "<group>";
		};
/* End PBXVariantGroup section */

/* Begin XCBuildConfiguration section */
		5B485DEC1E7C753D0013B925 /* Debug */ = {
			isa = XCBuildConfiguration;
			buildSettings = {
				ALWAYS_SEARCH_USER_PATHS = NO;
				CLANG_ANALYZER_NONNULL = YES;
				CLANG_CXX_LANGUAGE_STANDARD = "gnu++0x";
				CLANG_CXX_LIBRARY = "libc++";
				CLANG_ENABLE_MODULES = YES;
				CLANG_ENABLE_OBJC_ARC = YES;
				CLANG_WARN_BOOL_CONVERSION = YES;
				CLANG_WARN_CONSTANT_CONVERSION = YES;
				CLANG_WARN_DIRECT_OBJC_ISA_USAGE = YES_ERROR;
				CLANG_WARN_DOCUMENTATION_COMMENTS = YES;
				CLANG_WARN_EMPTY_BODY = YES;
				CLANG_WARN_ENUM_CONVERSION = YES;
				CLANG_WARN_INFINITE_RECURSION = YES;
				CLANG_WARN_INT_CONVERSION = YES;
				CLANG_WARN_OBJC_ROOT_CLASS = YES_ERROR;
				CLANG_WARN_SUSPICIOUS_MOVE = YES;
				CLANG_WARN_UNREACHABLE_CODE = YES;
				CLANG_WARN__DUPLICATE_METHOD_MATCH = YES;
				"CODE_SIGN_IDENTITY[sdk=iphoneos*]" = "iPhone Developer";
				COPY_PHASE_STRIP = NO;
				DEBUG_INFORMATION_FORMAT = dwarf;
				ENABLE_STRICT_OBJC_MSGSEND = YES;
				ENABLE_TESTABILITY = YES;
				GCC_C_LANGUAGE_STANDARD = gnu99;
				GCC_DYNAMIC_NO_PIC = NO;
				GCC_NO_COMMON_BLOCKS = YES;
				GCC_OPTIMIZATION_LEVEL = 0;
				GCC_PREPROCESSOR_DEFINITIONS = (
					"DEBUG=1",
					"$(inherited)",
				);
				GCC_WARN_64_TO_32_BIT_CONVERSION = YES;
				GCC_WARN_ABOUT_RETURN_TYPE = YES_ERROR;
				GCC_WARN_UNDECLARED_SELECTOR = YES;
				GCC_WARN_UNINITIALIZED_AUTOS = YES_AGGRESSIVE;
				GCC_WARN_UNUSED_FUNCTION = YES;
				GCC_WARN_UNUSED_VARIABLE = YES;
				IPHONEOS_DEPLOYMENT_TARGET = 10.2;
				MTL_ENABLE_DEBUG_INFO = YES;
				ONLY_ACTIVE_ARCH = YES;
				SDKROOT = iphoneos;
				SWIFT_ACTIVE_COMPILATION_CONDITIONS = DEBUG;
				SWIFT_OPTIMIZATION_LEVEL = "-Onone";
				TARGETED_DEVICE_FAMILY = "1,2";
			};
			name = Debug;
		};
		5B485DED1E7C753D0013B925 /* Release */ = {
			isa = XCBuildConfiguration;
			buildSettings = {
				ALWAYS_SEARCH_USER_PATHS = NO;
				CLANG_ANALYZER_NONNULL = YES;
				CLANG_CXX_LANGUAGE_STANDARD = "gnu++0x";
				CLANG_CXX_LIBRARY = "libc++";
				CLANG_ENABLE_MODULES = YES;
				CLANG_ENABLE_OBJC_ARC = YES;
				CLANG_WARN_BOOL_CONVERSION = YES;
				CLANG_WARN_CONSTANT_CONVERSION = YES;
				CLANG_WARN_DIRECT_OBJC_ISA_USAGE = YES_ERROR;
				CLANG_WARN_DOCUMENTATION_COMMENTS = YES;
				CLANG_WARN_EMPTY_BODY = YES;
				CLANG_WARN_ENUM_CONVERSION = YES;
				CLANG_WARN_INFINITE_RECURSION = YES;
				CLANG_WARN_INT_CONVERSION = YES;
				CLANG_WARN_OBJC_ROOT_CLASS = YES_ERROR;
				CLANG_WARN_SUSPICIOUS_MOVE = YES;
				CLANG_WARN_UNREACHABLE_CODE = YES;
				CLANG_WARN__DUPLICATE_METHOD_MATCH = YES;
				"CODE_SIGN_IDENTITY[sdk=iphoneos*]" = "iPhone Developer";
				COPY_PHASE_STRIP = NO;
				DEBUG_INFORMATION_FORMAT = "dwarf-with-dsym";
				ENABLE_NS_ASSERTIONS = NO;
				ENABLE_STRICT_OBJC_MSGSEND = YES;
				GCC_C_LANGUAGE_STANDARD = gnu99;
				GCC_NO_COMMON_BLOCKS = YES;
				GCC_WARN_64_TO_32_BIT_CONVERSION = YES;
				GCC_WARN_ABOUT_RETURN_TYPE = YES_ERROR;
				GCC_WARN_UNDECLARED_SELECTOR = YES;
				GCC_WARN_UNINITIALIZED_AUTOS = YES_AGGRESSIVE;
				GCC_WARN_UNUSED_FUNCTION = YES;
				GCC_WARN_UNUSED_VARIABLE = YES;
				IPHONEOS_DEPLOYMENT_TARGET = 10.2;
				MTL_ENABLE_DEBUG_INFO = NO;
				SDKROOT = iphoneos;
				SWIFT_OPTIMIZATION_LEVEL = "-Owholemodule";
				TARGETED_DEVICE_FAMILY = "1,2";
				VALIDATE_PRODUCT = YES;
			};
			name = Release;
		};
		5B485DEF1E7C753D0013B925 /* Debug */ = {
			isa = XCBuildConfiguration;
			baseConfigurationReference = FA4E7FE19B323FB4F24F169D /* Pods-medication-reminder.debug.xcconfig */;
			buildSettings = {
				ASSETCATALOG_COMPILER_APPICON_NAME = AppIcon;
				DEVELOPMENT_TEAM = 74R3QW9XZN;
				INFOPLIST_FILE = "medication-reminder/Info.plist";
				LD_RUNPATH_SEARCH_PATHS = "$(inherited) @executable_path/Frameworks";
				PRODUCT_BUNDLE_IDENTIFIER = "com.mavencare.medication-reminder";
				PRODUCT_NAME = "$(TARGET_NAME)";
				SWIFT_VERSION = 3.0;
			};
			name = Debug;
		};
		5B485DF01E7C753D0013B925 /* Release */ = {
			isa = XCBuildConfiguration;
			baseConfigurationReference = F2C37ACF78442DAD71F24594 /* Pods-medication-reminder.release.xcconfig */;
			buildSettings = {
				ASSETCATALOG_COMPILER_APPICON_NAME = AppIcon;
				DEVELOPMENT_TEAM = 74R3QW9XZN;
				INFOPLIST_FILE = "medication-reminder/Info.plist";
				LD_RUNPATH_SEARCH_PATHS = "$(inherited) @executable_path/Frameworks";
				PRODUCT_BUNDLE_IDENTIFIER = "com.mavencare.medication-reminder";
				PRODUCT_NAME = "$(TARGET_NAME)";
				SWIFT_VERSION = 3.0;
			};
			name = Release;
		};
/* End XCBuildConfiguration section */

/* Begin XCConfigurationList section */
		5B485DD71E7C753D0013B925 /* Build configuration list for PBXProject "medication-reminder" */ = {
			isa = XCConfigurationList;
			buildConfigurations = (
				5B485DEC1E7C753D0013B925 /* Debug */,
				5B485DED1E7C753D0013B925 /* Release */,
			);
			defaultConfigurationIsVisible = 0;
			defaultConfigurationName = Release;
		};
		5B485DEE1E7C753D0013B925 /* Build configuration list for PBXNativeTarget "medication-reminder" */ = {
			isa = XCConfigurationList;
			buildConfigurations = (
				5B485DEF1E7C753D0013B925 /* Debug */,
				5B485DF01E7C753D0013B925 /* Release */,
			);
			defaultConfigurationIsVisible = 0;
			defaultConfigurationName = Release;
		};
/* End XCConfigurationList section */
	};
	rootObject = 5B485DD41E7C753D0013B925 /* Project object */;
}
